{
    "_readme": [
        "This file locks the dependencies of your project to a known state",
        "Read more about it at https://getcomposer.org/doc/01-basic-usage.md#installing-dependencies",
        "This file is @generated automatically"
    ],
    "content-hash": "70bdf4f3a27c8048d623554c300bd3b3",
    "packages": [
        {
            "name": "illuminate/container",
            "version": "10.x-dev",
            "source": {
                "type": "git",
                "url": "https://github.com/illuminate/container.git",
                "reference": "ddc26273085fad3c471b2602ad820e0097ff7939"
            },
            "dist": {
                "type": "zip",
                "url": "https://api.github.com/repos/illuminate/container/zipball/ddc26273085fad3c471b2602ad820e0097ff7939",
                "reference": "ddc26273085fad3c471b2602ad820e0097ff7939",
                "shasum": ""
            },
            "require": {
                "illuminate/contracts": "^10.0",
                "php": "^8.1",
                "psr/container": "^1.1.1|^2.0.1"
            },
            "provide": {
                "psr/container-implementation": "1.1|2.0"
            },
            "type": "library",
            "extra": {
                "branch-alias": {
                    "dev-master": "10.x-dev"
                }
            },
            "autoload": {
                "psr-4": {
                    "Illuminate\\Container\\": ""
                }
            },
            "notification-url": "https://packagist.org/downloads/",
            "license": [
                "MIT"
            ],
            "authors": [
                {
                    "name": "Taylor Otwell",
                    "email": "taylor@laravel.com"
                }
            ],
            "description": "The Illuminate Container package.",
            "homepage": "https://laravel.com",
            "support": {
                "issues": "https://github.com/laravel/framework/issues",
                "source": "https://github.com/laravel/framework"
            },
            "time": "2023-06-18T09:12:03+00:00"
        },
        {
            "name": "illuminate/contracts",
            "version": "10.x-dev",
            "source": {
                "type": "git",
                "url": "https://github.com/illuminate/contracts.git",
                "reference": "eb1a7e72e159136a832f2c0467de5570bdc208ae"
            },
            "dist": {
                "type": "zip",
                "url": "https://api.github.com/repos/illuminate/contracts/zipball/eb1a7e72e159136a832f2c0467de5570bdc208ae",
                "reference": "eb1a7e72e159136a832f2c0467de5570bdc208ae",
                "shasum": ""
            },
            "require": {
                "php": "^8.1",
                "psr/container": "^1.1.1|^2.0.1",
                "psr/simple-cache": "^1.0|^2.0|^3.0"
            },
            "type": "library",
            "extra": {
                "branch-alias": {
                    "dev-master": "10.x-dev"
                }
            },
            "autoload": {
                "psr-4": {
                    "Illuminate\\Contracts\\": ""
                }
            },
            "notification-url": "https://packagist.org/downloads/",
            "license": [
                "MIT"
            ],
            "authors": [
                {
                    "name": "Taylor Otwell",
                    "email": "taylor@laravel.com"
                }
            ],
            "description": "The Illuminate Contracts package.",
            "homepage": "https://laravel.com",
            "support": {
                "issues": "https://github.com/laravel/framework/issues",
                "source": "https://github.com/laravel/framework"
            },
            "time": "2023-07-26T21:27:34+00:00"
        },
        {
            "name": "jsl/config",
            "version": "1.0.0",
            "source": {
                "type": "git",
                "url": "https://github.com/jslphp/config.git",
                "reference": "199697e0f5691fd6ff637d94cf30de5cbd064f44"
            },
            "dist": {
                "type": "zip",
                "url": "https://api.github.com/repos/jslphp/config/zipball/199697e0f5691fd6ff637d94cf30de5cbd064f44",
                "reference": "199697e0f5691fd6ff637d94cf30de5cbd064f44",
                "shasum": ""
            },
            "type": "library",
            "autoload": {
                "psr-4": {
                    "Jsl\\Config\\": "src/"
                }
            },
            "notification-url": "https://packagist.org/downloads/",
            "license": [
                "MIT"
            ],
            "authors": [
                {
                    "name": "Magnus Eriksson",
                    "email": "mange@reloop.se"
                }
            ],
            "description": "A small config library",
            "support": {
                "issues": "https://github.com/jslphp/config/issues",
                "source": "https://github.com/jslphp/config/tree/1.0.0"
            },
            "time": "2022-12-21T22:36:08+00:00"
        },
        {
            "name": "jsl/database",
            "version": "2.6.3",
            "source": {
                "type": "git",
                "url": "https://github.com/jslphp/database.git",
                "reference": "af684b0ae82501e303271fcca931391439146a0d"
            },
            "dist": {
                "type": "zip",
                "url": "https://api.github.com/repos/jslphp/database/zipball/af684b0ae82501e303271fcca931391439146a0d",
                "reference": "af684b0ae82501e303271fcca931391439146a0d",
                "shasum": ""
            },
            "require": {
                "php": ">=5.4.0",
                "psr/log": "~1.0"
            },
            "type": "library",
            "autoload": {
                "psr-4": {
                    "Jsl\\Database\\": "src/"
                }
            },
            "notification-url": "https://packagist.org/downloads/",
            "license": [
                "MIT"
            ],
            "description": "Expressive Database Layer for PHP - Based on Illuminate/Database",
            "keywords": [
                "database",
                "dbal",
                "query builder",
                "sql"
            ],
            "support": {
                "source": "https://github.com/jslphp/database/tree/2.6.3"
            },
            "time": "2023-01-11T16:44:31+00:00"
        },
        {
            "name": "jsl/ensure",
            "version": "0.3.1.1",
            "source": {
                "type": "git",
                "url": "https://github.com/jslphp/ensure.git",
                "reference": "4c6fae1cdd6196609265dead0c6be6d0dbfcb6dc"
            },
            "dist": {
                "type": "zip",
                "url": "https://api.github.com/repos/jslphp/ensure/zipball/4c6fae1cdd6196609265dead0c6be6d0dbfcb6dc",
                "reference": "4c6fae1cdd6196609265dead0c6be6d0dbfcb6dc",
                "shasum": ""
            },
            "type": "library",
            "autoload": {
                "psr-4": {
                    "Jsl\\Ensure\\": "src/"
                }
            },
            "notification-url": "https://packagist.org/downloads/",
            "license": [
                "MIT"
            ],
            "authors": [
                {
                    "name": "Magnus Eriksson",
                    "email": "mange@reloop.se"
                }
            ],
            "description": "Validation library",
            "support": {
                "issues": "https://github.com/jslphp/ensure/issues",
                "source": "https://github.com/jslphp/ensure/tree/0.3.1.1"
            },
            "time": "2022-12-08T09:03:05+00:00"
        },
        {
            "name": "jsl/kernel",
            "version": "dev-main",
            "dist": {
                "type": "path",
                "url": "../kernel",
                "reference": "bd31bdab0e5849aa048d5208cda93da6285deba3"
            },
            "require": {
                "illuminate/container": "^10.17",
                "jsl/config": "^1.0",
                "jsl/router": "^0.2.6",
                "symfony/http-foundation": "^6.3"
            },
            "type": "library",
            "autoload": {
                "files": [
                    "src/Helpers/helpers.php"
                ],
                "psr-4": {
                    "Jsl\\Kernel\\": "src/"
                }
            },
            "license": [
                "MIT"
            ],
            "authors": [
                {
                    "name": "Magnus Eriksson",
                    "email": "mange@reloop.se"
                }
            ],
            "description": "A simple kernel for web apps",
            "transport-options": {
                "relative": true
            }
        },
        {
            "name": "jsl/models",
            "version": "dev-develop",
            "dist": {
                "type": "path",
                "url": "../models",
                "reference": "bbec9289666679f992953f865545fae1565fb6ed"
            },
            "require": {
                "jsl/database": "^2.6"
            },
            "type": "library",
            "autoload": {
                "files": [
                    "./src/Components/helpers.php"
                ],
                "psr-4": {
                    "Jsl\\Models\\": "src/"
                }
            },
            "license": [
                "MIT"
            ],
            "authors": [
                {
                    "name": "Magnus Eriksson",
                    "email": "mange@reloop.se"
                }
            ],
            "description": "Kind of active records for jsl/database",
            "transport-options": {
                "relative": true
            }
        },
        {
            "name": "jsl/router",
            "version": "0.2.6",
            "source": {
                "type": "git",
                "url": "https://github.com/jslphp/router.git",
                "reference": "6d46fa578036a85cbcbb64dfb6d98f139afab75c"
            },
            "dist": {
                "type": "zip",
                "url": "https://api.github.com/repos/jslphp/router/zipball/6d46fa578036a85cbcbb64dfb6d98f139afab75c",
                "reference": "6d46fa578036a85cbcbb64dfb6d98f139afab75c",
                "shasum": ""
            },
            "require": {
                "php": ">=8.0"
            },
            "type": "library",
            "autoload": {
                "psr-4": {
                    "Jsl\\Router\\": "src/"
                }
            },
            "notification-url": "https://packagist.org/downloads/",
            "license": [
                "MIT"
            ],
            "authors": [
                {
                    "name": "Magnus Eriksson",
                    "email": "mange@reloop.se"
                }
            ],
            "description": "A router",
            "support": {
                "issues": "https://github.com/jslphp/router/issues",
                "source": "https://github.com/jslphp/router/tree/0.2.6"
            },
            "time": "2023-08-06T19:05:07+00:00"
        },
        {
            "name": "league/plates",
            "version": "v3.5.0",
            "source": {
                "type": "git",
                "url": "https://github.com/thephpleague/plates.git",
                "reference": "a6a3238e46c6e19af7318fdc36bfbe49b0620231"
            },
            "dist": {
                "type": "zip",
                "url": "https://api.github.com/repos/thephpleague/plates/zipball/a6a3238e46c6e19af7318fdc36bfbe49b0620231",
                "reference": "a6a3238e46c6e19af7318fdc36bfbe49b0620231",
                "shasum": ""
            },
            "require": {
                "php": "^7.0|^8.0"
            },
            "require-dev": {
                "mikey179/vfsstream": "^1.6",
                "phpunit/phpunit": "^9.5",
                "squizlabs/php_codesniffer": "^3.5"
            },
            "type": "library",
            "extra": {
                "branch-alias": {
                    "dev-master": "3.0-dev"
                }
            },
            "autoload": {
                "psr-4": {
                    "League\\Plates\\": "src"
                }
            },
            "notification-url": "https://packagist.org/downloads/",
            "license": [
                "MIT"
            ],
            "authors": [
                {
                    "name": "Jonathan Reinink",
                    "email": "jonathan@reinink.ca",
                    "role": "Developer"
                },
                {
                    "name": "RJ Garcia",
                    "email": "ragboyjr@icloud.com",
                    "role": "Developer"
                }
            ],
            "description": "Plates, the native PHP template system that's fast, easy to use and easy to extend.",
            "homepage": "https://platesphp.com",
            "keywords": [
                "league",
                "package",
                "templates",
                "templating",
                "views"
            ],
            "support": {
                "issues": "https://github.com/thephpleague/plates/issues",
                "source": "https://github.com/thephpleague/plates/tree/v3.5.0"
            },
            "time": "2023-01-16T20:25:45+00:00"
        },
        {
            "name": "psr/container",
            "version": "dev-master",
            "source": {
                "type": "git",
                "url": "https://github.com/php-fig/container.git",
                "reference": "90db7b9ac2a2c5b849fcb69dde58f3ae182c68f5"
            },
            "dist": {
                "type": "zip",
                "url": "https://api.github.com/repos/php-fig/container/zipball/90db7b9ac2a2c5b849fcb69dde58f3ae182c68f5",
                "reference": "90db7b9ac2a2c5b849fcb69dde58f3ae182c68f5",
                "shasum": ""
            },
            "require": {
                "php": ">=7.4.0"
            },
            "default-branch": true,
            "type": "library",
            "extra": {
                "branch-alias": {
                    "dev-master": "2.0.x-dev"
                }
            },
            "autoload": {
                "psr-4": {
                    "Psr\\Container\\": "src/"
                }
            },
            "notification-url": "https://packagist.org/downloads/",
            "license": [
                "MIT"
            ],
            "authors": [
                {
                    "name": "PHP-FIG",
                    "homepage": "https://www.php-fig.org/"
                }
            ],
            "description": "Common Container Interface (PHP FIG PSR-11)",
            "homepage": "https://github.com/php-fig/container",
            "keywords": [
                "PSR-11",
                "container",
                "container-interface",
                "container-interop",
                "psr"
            ],
            "support": {
                "issues": "https://github.com/php-fig/container/issues",
                "source": "https://github.com/php-fig/container/tree/master"
            },
            "time": "2022-07-19T17:36:59+00:00"
        },
        {
            "name": "psr/log",
            "version": "1.1.4",
            "source": {
                "type": "git",
                "url": "https://github.com/php-fig/log.git",
                "reference": "d49695b909c3b7628b6289db5479a1c204601f11"
            },
            "dist": {
                "type": "zip",
                "url": "https://api.github.com/repos/php-fig/log/zipball/d49695b909c3b7628b6289db5479a1c204601f11",
                "reference": "d49695b909c3b7628b6289db5479a1c204601f11",
                "shasum": ""
            },
            "require": {
                "php": ">=5.3.0"
            },
            "type": "library",
            "extra": {
                "branch-alias": {
                    "dev-master": "1.1.x-dev"
                }
            },
            "autoload": {
                "psr-4": {
                    "Psr\\Log\\": "Psr/Log/"
                }
            },
            "notification-url": "https://packagist.org/downloads/",
            "license": [
                "MIT"
            ],
            "authors": [
                {
                    "name": "PHP-FIG",
                    "homepage": "https://www.php-fig.org/"
                }
            ],
            "description": "Common interface for logging libraries",
            "homepage": "https://github.com/php-fig/log",
            "keywords": [
                "log",
                "psr",
                "psr-3"
            ],
            "support": {
                "source": "https://github.com/php-fig/log/tree/1.1.4"
            },
            "time": "2021-05-03T11:20:27+00:00"
        },
        {
            "name": "psr/simple-cache",
            "version": "dev-master",
            "source": {
                "type": "git",
                "url": "https://github.com/php-fig/simple-cache.git",
                "reference": "2d280c2aaa23a120f35d55cfde8581954a8e77fa"
            },
            "dist": {
                "type": "zip",
                "url": "https://api.github.com/repos/php-fig/simple-cache/zipball/2d280c2aaa23a120f35d55cfde8581954a8e77fa",
                "reference": "2d280c2aaa23a120f35d55cfde8581954a8e77fa",
                "shasum": ""
            },
            "require": {
                "php": ">=8.0.0"
            },
            "default-branch": true,
            "type": "library",
            "extra": {
                "branch-alias": {
                    "dev-master": "3.0.x-dev"
                }
            },
            "autoload": {
                "psr-4": {
                    "Psr\\SimpleCache\\": "src/"
                }
            },
            "notification-url": "https://packagist.org/downloads/",
            "license": [
                "MIT"
            ],
            "authors": [
                {
                    "name": "PHP-FIG",
                    "homepage": "https://www.php-fig.org/"
                }
            ],
            "description": "Common interfaces for simple caching",
            "keywords": [
                "cache",
                "caching",
                "psr",
                "psr-16",
                "simple-cache"
            ],
            "support": {
                "source": "https://github.com/php-fig/simple-cache/tree/master"
            },
            "time": "2022-04-08T16:41:45+00:00"
        },
        {
            "name": "symfony/deprecation-contracts",
            "version": "dev-main",
            "source": {
                "type": "git",
                "url": "https://github.com/symfony/deprecation-contracts.git",
                "reference": "7c3aff79d10325257a001fcf92d991f24fc967cf"
            },
            "dist": {
                "type": "zip",
                "url": "https://api.github.com/repos/symfony/deprecation-contracts/zipball/7c3aff79d10325257a001fcf92d991f24fc967cf",
                "reference": "7c3aff79d10325257a001fcf92d991f24fc967cf",
                "shasum": ""
            },
            "require": {
                "php": ">=8.1"
            },
            "default-branch": true,
            "type": "library",
            "extra": {
                "branch-alias": {
                    "dev-main": "3.4-dev"
                },
                "thanks": {
                    "name": "symfony/contracts",
                    "url": "https://github.com/symfony/contracts"
                }
            },
            "autoload": {
                "files": [
                    "function.php"
                ]
            },
            "notification-url": "https://packagist.org/downloads/",
            "license": [
                "MIT"
            ],
            "authors": [
                {
                    "name": "Nicolas Grekas",
                    "email": "p@tchwork.com"
                },
                {
                    "name": "Symfony Community",
                    "homepage": "https://symfony.com/contributors"
                }
            ],
            "description": "A generic function and convention to trigger deprecation notices",
            "homepage": "https://symfony.com",
            "support": {
                "source": "https://github.com/symfony/deprecation-contracts/tree/v3.3.0"
            },
            "funding": [
                {
                    "url": "https://symfony.com/sponsor",
                    "type": "custom"
                },
                {
                    "url": "https://github.com/fabpot",
                    "type": "github"
                },
                {
                    "url": "https://tidelift.com/funding/github/packagist/symfony/symfony",
                    "type": "tidelift"
                }
            ],
            "time": "2023-05-23T14:45:45+00:00"
        },
        {
            "name": "symfony/http-foundation",
            "version": "6.4.x-dev",
            "source": {
                "type": "git",
                "url": "https://github.com/symfony/http-foundation.git",
                "reference": "f88645a1f5e1500b628f810cdde7dcb6418aee80"
            },
            "dist": {
                "type": "zip",
                "url": "https://api.github.com/repos/symfony/http-foundation/zipball/f88645a1f5e1500b628f810cdde7dcb6418aee80",
                "reference": "f88645a1f5e1500b628f810cdde7dcb6418aee80",
                "shasum": ""
            },
            "require": {
                "php": ">=8.1",
                "symfony/deprecation-contracts": "^2.5|^3",
                "symfony/polyfill-mbstring": "~1.1",
                "symfony/polyfill-php83": "^1.27"
            },
            "conflict": {
                "symfony/cache": "<6.2"
            },
            "require-dev": {
                "doctrine/dbal": "^2.13.1|^3.0",
                "predis/predis": "^1.1|^2.0",
                "symfony/cache": "^5.4|^6.0|^7.0",
                "symfony/dependency-injection": "^5.4|^6.0|^7.0",
                "symfony/expression-language": "^5.4|^6.0|^7.0",
                "symfony/http-kernel": "^5.4.12|^6.0.12|^6.1.4|^7.0",
                "symfony/mime": "^5.4|^6.0|^7.0",
                "symfony/rate-limiter": "^5.4|^6.0|^7.0"
            },
            "type": "library",
            "autoload": {
                "psr-4": {
                    "Symfony\\Component\\HttpFoundation\\": ""
                },
                "exclude-from-classmap": [
                    "/Tests/"
                ]
            },
            "notification-url": "https://packagist.org/downloads/",
            "license": [
                "MIT"
            ],
            "authors": [
                {
                    "name": "Fabien Potencier",
                    "email": "fabien@symfony.com"
                },
                {
                    "name": "Symfony Community",
                    "homepage": "https://symfony.com/contributors"
                }
            ],
            "description": "Defines an object-oriented layer for the HTTP specification",
            "homepage": "https://symfony.com",
            "support": {
                "source": "https://github.com/symfony/http-foundation/tree/6.4"
            },
            "funding": [
                {
                    "url": "https://symfony.com/sponsor",
                    "type": "custom"
                },
                {
                    "url": "https://github.com/fabpot",
                    "type": "github"
                },
                {
                    "url": "https://tidelift.com/funding/github/packagist/symfony/symfony",
                    "type": "tidelift"
                }
            ],
            "time": "2023-08-04T09:42:46+00:00"
        },
        {
            "name": "symfony/polyfill-mbstring",
            "version": "1.x-dev",
            "source": {
                "type": "git",
                "url": "https://github.com/symfony/polyfill-mbstring.git",
                "reference": "42292d99c55abe617799667f454222c54c60e229"
            },
            "dist": {
                "type": "zip",
                "url": "https://api.github.com/repos/symfony/polyfill-mbstring/zipball/42292d99c55abe617799667f454222c54c60e229",
                "reference": "42292d99c55abe617799667f454222c54c60e229",
                "shasum": ""
            },
            "require": {
                "php": ">=7.1"
            },
            "provide": {
                "ext-mbstring": "*"
            },
            "suggest": {
                "ext-mbstring": "For best performance"
            },
            "default-branch": true,
            "type": "library",
            "extra": {
                "branch-alias": {
                    "dev-main": "1.28-dev"
                },
                "thanks": {
                    "name": "symfony/polyfill",
                    "url": "https://github.com/symfony/polyfill"
                }
            },
            "autoload": {
                "files": [
                    "bootstrap.php"
                ],
                "psr-4": {
                    "Symfony\\Polyfill\\Mbstring\\": ""
                }
            },
            "notification-url": "https://packagist.org/downloads/",
            "license": [
                "MIT"
            ],
            "authors": [
                {
                    "name": "Nicolas Grekas",
                    "email": "p@tchwork.com"
                },
                {
                    "name": "Symfony Community",
                    "homepage": "https://symfony.com/contributors"
                }
            ],
            "description": "Symfony polyfill for the Mbstring extension",
            "homepage": "https://symfony.com",
            "keywords": [
                "compatibility",
                "mbstring",
                "polyfill",
                "portable",
                "shim"
            ],
            "support": {
                "source": "https://github.com/symfony/polyfill-mbstring/tree/1.x"
            },
            "funding": [
                {
                    "url": "https://symfony.com/sponsor",
                    "type": "custom"
                },
                {
                    "url": "https://github.com/fabpot",
                    "type": "github"
                },
                {
                    "url": "https://tidelift.com/funding/github/packagist/symfony/symfony",
                    "type": "tidelift"
                }
            ],
            "time": "2023-07-28T09:04:16+00:00"
        },
        {
            "name": "symfony/polyfill-php80",
            "version": "1.x-dev",
            "source": {
                "type": "git",
                "url": "https://github.com/symfony/polyfill-php80.git",
                "reference": "6caa57379c4aec19c0a12a38b59b26487dcfe4b5"
            },
            "dist": {
                "type": "zip",
                "url": "https://api.github.com/repos/symfony/polyfill-php80/zipball/6caa57379c4aec19c0a12a38b59b26487dcfe4b5",
                "reference": "6caa57379c4aec19c0a12a38b59b26487dcfe4b5",
                "shasum": ""
            },
            "require": {
                "php": ">=7.1"
            },
            "default-branch": true,
            "type": "library",
            "extra": {
                "branch-alias": {
                    "dev-main": "1.28-dev"
                },
                "thanks": {
                    "name": "symfony/polyfill",
                    "url": "https://github.com/symfony/polyfill"
                }
            },
            "autoload": {
                "files": [
                    "bootstrap.php"
                ],
                "psr-4": {
                    "Symfony\\Polyfill\\Php80\\": ""
                },
                "classmap": [
                    "Resources/stubs"
                ]
            },
            "notification-url": "https://packagist.org/downloads/",
            "license": [
                "MIT"
            ],
            "authors": [
                {
                    "name": "Ion Bazan",
                    "email": "ion.bazan@gmail.com"
                },
                {
                    "name": "Nicolas Grekas",
                    "email": "p@tchwork.com"
                },
                {
                    "name": "Symfony Community",
                    "homepage": "https://symfony.com/contributors"
                }
            ],
            "description": "Symfony polyfill backporting some PHP 8.0+ features to lower PHP versions",
            "homepage": "https://symfony.com",
            "keywords": [
                "compatibility",
                "polyfill",
                "portable",
                "shim"
            ],
            "support": {
                "source": "https://github.com/symfony/polyfill-php80/tree/1.x"
            },
            "funding": [
                {
                    "url": "https://symfony.com/sponsor",
                    "type": "custom"
                },
                {
                    "url": "https://github.com/fabpot",
                    "type": "github"
                },
                {
                    "url": "https://tidelift.com/funding/github/packagist/symfony/symfony",
                    "type": "tidelift"
                }
            ],
            "time": "2023-01-26T09:26:14+00:00"
        },
        {
            "name": "symfony/polyfill-php83",
            "version": "1.x-dev",
            "source": {
                "type": "git",
                "url": "https://github.com/symfony/polyfill-php83.git",
                "reference": "805b743f0b238a40bf4bd0afb9704d02515432ee"
            },
            "dist": {
                "type": "zip",
                "url": "https://api.github.com/repos/symfony/polyfill-php83/zipball/805b743f0b238a40bf4bd0afb9704d02515432ee",
                "reference": "805b743f0b238a40bf4bd0afb9704d02515432ee",
                "shasum": ""
            },
            "require": {
                "php": ">=7.1",
                "symfony/polyfill-php80": "^1.14"
            },
            "default-branch": true,
            "type": "library",
            "extra": {
                "branch-alias": {
                    "dev-main": "1.28-dev"
                },
                "thanks": {
                    "name": "symfony/polyfill",
                    "url": "https://github.com/symfony/polyfill"
                }
            },
            "autoload": {
                "files": [
                    "bootstrap.php"
                ],
                "psr-4": {
                    "Symfony\\Polyfill\\Php83\\": ""
                },
                "classmap": [
                    "Resources/stubs"
                ]
            },
            "notification-url": "https://packagist.org/downloads/",
            "license": [
                "MIT"
            ],
            "authors": [
                {
                    "name": "Nicolas Grekas",
                    "email": "p@tchwork.com"
                },
                {
                    "name": "Symfony Community",
                    "homepage": "https://symfony.com/contributors"
                }
            ],
            "description": "Symfony polyfill backporting some PHP 8.3+ features to lower PHP versions",
            "homepage": "https://symfony.com",
            "keywords": [
                "compatibility",
                "polyfill",
                "portable",
                "shim"
            ],
            "support": {
                "source": "https://github.com/symfony/polyfill-php83/tree/1.x"
            },
            "funding": [
                {
                    "url": "https://symfony.com/sponsor",
                    "type": "custom"
                },
                {
                    "url": "https://github.com/fabpot",
                    "type": "github"
                },
                {
                    "url": "https://tidelift.com/funding/github/packagist/symfony/symfony",
                    "type": "tidelift"
                }
            ],
            "time": "2023-08-02T10:10:44+00:00"
        }
    ],
    "packages-dev": [],
    "aliases": [],
    "minimum-stability": "dev",
    "stability-flags": {
        "jsl/models": 20,
        "jsl/kernel": 20
    },
    "prefer-stable": false,
    "prefer-lowest": false,
    "platform": [],
    "platform-dev": [],
    "plugin-api-version": "2.3.0"
}
